
Microsoft Visual Studio Solution File, Format Version 12.00
# Visual Studio Version 16
VisualStudioVersion = 16.0.29111.141
MinimumVisualStudioVersion = 10.0.40219.1
Project("{FAE04EC0-301F-11D3-BF4B-00C04F79EFBC}") = "HMT.Windows.Desktop.Tracking", "HMT.Windows.Desktop.Tracking\HMT.Windows.Desktop.Tracking.csproj", "{7D2FBDBB-0052-46BE-9E18-54BBA8BD7F37}"
EndProject
Global
	GlobalSection(SolutionConfigurationPlatforms) = preSolution
		Debug|Any CPU = Debug|Any CPU
		Release|Any CPU = Release|Any CPU
	EndGlobalSection
	GlobalSection(ProjectConfigurationPlatforms) = postSolution
		{7D2FBDBB-0052-46BE-9E18-54BBA8BD7F37}.Debug|Any CPU.ActiveCfg = Debug|Any CPU
		{7D2FBDBB-0052-46BE-9E18-54BBA8BD7F37}.Debug|Any CPU.Build.0 = Debug|Any CPU
		{7D2FBDBB-0052-46BE-9E18-54BBA8BD7F37}.Release|Any CPU.ActiveCfg = Release|Any CPU
		{7D2FBDBB-0052-46BE-9E18-54BBA8BD7F37}.Release|Any CPU.Build.0 = Release|Any CPU
	EndGlobalSection
	GlobalSection(SolutionProperties) = preSolution
		HideSolutionNode = FALSE
	EndGlobalSection
	GlobalSection(ExtensibilityGlobals) = postSolution
		SolutionGuid = {C06C7186-5FA5-4E19-AD1E-DDFBB67165FF}
	EndGlobalSection
EndGlobal
